{
  "requires": true,
  "lockfileVersion": 1,
  "dependencies": {
    "axios": {
      "version": "0.21.1",
      "resolved": "https://registry.npm.taobao.org/axios/download/axios-0.21.1.tgz",
      "integrity": "sha1-IlY0gZYvTWvemnbVFu8OXTwJsrg=",
      "requires": {
        "follow-redirects": "^1.10.0"
      }
    },
    "cl-uni": {
      "version": "1.8.6",
      "resolved": "https://registry.npmjs.org/cl-uni/-/cl-uni-1.8.6.tgz",
      "integrity": "sha512-tsD74nrLlMcwf00PWQHije8NgF3WGLbTRRVTv2tftfE3ngR+hVLnqpgwOqrDVgp50PNsF1FhpnlyzfdqBOgtfw=="
    },
    "follow-redirects": {
      "version": "1.14.1",
      "resolved": "https://registry.nlark.com/follow-redirects/download/follow-redirects-1.14.1.tgz?cache=0&sync_timestamp=1620555300559&other_urls=https%3A%2F%2Fregistry.nlark.com%2Ffollow-redirects%2Fdownload%2Ffollow-redirects-1.14.1.tgz",
      "integrity": "sha1-2RFN7Qoc/dM04WTmZirQK/2R/0M="
    }
  }
}
